
Microsoft Visual Studio Solution File, Format Version 12.00
# Visual Studio Version 16
VisualStudioVersion = 16.0.30225.117
MinimumVisualStudioVersion = 10.0.40219.1
Project("{9A19103F-16F7-4668-BE54-9A1E7A4F7556}") = "StudyWebApplication", "StudyWebApplication\StudyWebApplication.csproj", "{37061D0F-FF4C-49C2-8D41-21F70334AA03}"
EndProject
Global
	GlobalSection(SolutionConfigurationPlatforms) = preSolution
		Debug|Any CPU = Debug|Any CPU
		Release|Any CPU = Release|Any CPU
	EndGlobalSection
	GlobalSection(ProjectConfigurationPlatforms) = postSolution
		{37061D0F-FF4C-49C2-8D41-21F70334AA03}.Debug|Any CPU.ActiveCfg = Debug|Any CPU
		{37061D0F-FF4C-49C2-8D41-21F70334AA03}.Debug|Any CPU.Build.0 = Debug|Any CPU
		{37061D0F-FF4C-49C2-8D41-21F70334AA03}.Release|Any CPU.ActiveCfg = Release|Any CPU
		{37061D0F-FF4C-49C2-8D41-21F70334AA03}.Release|Any CPU.Build.0 = Release|Any CPU
	EndGlobalSection
	GlobalSection(SolutionProperties) = preSolution
		HideSolutionNode = FALSE
	EndGlobalSection
	GlobalSection(ExtensibilityGlobals) = postSolution
		SolutionGuid = {70EFB418-7927-4347-A15E-A8A8CBCF01D2}
	EndGlobalSection
EndGlobal
